
Microsoft Visual Studio Solution File, Format Version 12.00
# Visual Studio Version 17
VisualStudioVersion = 17.8.34316.72
MinimumVisualStudioVersion = 10.0.40219.1
Project("{FAE04EC0-301F-11D3-BF4B-00C04F79EFBC}") = "BusinessObjects", "BusinessObjects\BusinessObjects.csproj", "{FD6E296B-7E3D-4DEB-B85F-99655DE09C51}"
EndProject
Project("{FAE04EC0-301F-11D3-BF4B-00C04F79EFBC}") = "DataAccess", "DataAccess\DataAccess.csproj", "{47111E55-9EE5-4464-B090-65366299958A}"
EndProject
Project("{FAE04EC0-301F-11D3-BF4B-00C04F79EFBC}") = "Repository", "Repository\Repository.csproj", "{97C0CDAA-FC06-43C3-BFD9-C4EBF241C220}"
EndProject
Project("{FAE04EC0-301F-11D3-BF4B-00C04F79EFBC}") = "BookStoreAPI", "BookStoreAPI\BookStoreAPI.csproj", "{32499045-C196-4BFC-8410-87642B47BD50}"
EndProject
Global
	GlobalSection(SolutionConfigurationPlatforms) = preSolution
		Debug|Any CPU = Debug|Any CPU
		Release|Any CPU = Release|Any CPU
	EndGlobalSection
	GlobalSection(ProjectConfigurationPlatforms) = postSolution
		{FD6E296B-7E3D-4DEB-B85F-99655DE09C51}.Debug|Any CPU.ActiveCfg = Debug|Any CPU
		{FD6E296B-7E3D-4DEB-B85F-99655DE09C51}.Debug|Any CPU.Build.0 = Debug|Any CPU
		{FD6E296B-7E3D-4DEB-B85F-99655DE09C51}.Release|Any CPU.ActiveCfg = Release|Any CPU
		{FD6E296B-7E3D-4DEB-B85F-99655DE09C51}.Release|Any CPU.Build.0 = Release|Any CPU
		{47111E55-9EE5-4464-B090-65366299958A}.Debug|Any CPU.ActiveCfg = Debug|Any CPU
		{47111E55-9EE5-4464-B090-65366299958A}.Debug|Any CPU.Build.0 = Debug|Any CPU
		{47111E55-9EE5-4464-B090-65366299958A}.Release|Any CPU.ActiveCfg = Release|Any CPU
		{47111E55-9EE5-4464-B090-65366299958A}.Release|Any CPU.Build.0 = Release|Any CPU
		{97C0CDAA-FC06-43C3-BFD9-C4EBF241C220}.Debug|Any CPU.ActiveCfg = Debug|Any CPU
		{97C0CDAA-FC06-43C3-BFD9-C4EBF241C220}.Debug|Any CPU.Build.0 = Debug|Any CPU
		{97C0CDAA-FC06-43C3-BFD9-C4EBF241C220}.Release|Any CPU.ActiveCfg = Release|Any CPU
		{97C0CDAA-FC06-43C3-BFD9-C4EBF241C220}.Release|Any CPU.Build.0 = Release|Any CPU
		{32499045-C196-4BFC-8410-87642B47BD50}.Debug|Any CPU.ActiveCfg = Debug|Any CPU
		{32499045-C196-4BFC-8410-87642B47BD50}.Debug|Any CPU.Build.0 = Debug|Any CPU
		{32499045-C196-4BFC-8410-87642B47BD50}.Release|Any CPU.ActiveCfg = Release|Any CPU
		{32499045-C196-4BFC-8410-87642B47BD50}.Release|Any CPU.Build.0 = Release|Any CPU
	EndGlobalSection
	GlobalSection(SolutionProperties) = preSolution
		HideSolutionNode = FALSE
	EndGlobalSection
	GlobalSection(ExtensibilityGlobals) = postSolution
		SolutionGuid = {4CFCC891-CD3A-4700-953C-899D601564EA}
	EndGlobalSection
EndGlobal
